
Microsoft Visual Studio Solution File, Format Version 12.00
# Visual Studio Version 17
VisualStudioVersion = 17.7.34202.233
MinimumVisualStudioVersion = 10.0.40219.1
Project("{FAE04EC0-301F-11D3-BF4B-00C04F79EFBC}") = "ApiDemo", "ApiDemo\ApiDemo.csproj", "{7111A6E7-BD18-47F7-AFFA-DBD2A8EA54C6}"
EndProject
Project("{FAE04EC0-301F-11D3-BF4B-00C04F79EFBC}") = "MinimalApiDemo", "MinimalApiDemo\MinimalApiDemo.csproj", "{35322680-7BAB-4F73-B476-58D08AD52BDF}"
EndProject
Global
	GlobalSection(SolutionConfigurationPlatforms) = preSolution
		Debug|Any CPU = Debug|Any CPU
		Release|Any CPU = Release|Any CPU
	EndGlobalSection
	GlobalSection(ProjectConfigurationPlatforms) = postSolution
		{7111A6E7-BD18-47F7-AFFA-DBD2A8EA54C6}.Debug|Any CPU.ActiveCfg = Debug|Any CPU
		{7111A6E7-BD18-47F7-AFFA-DBD2A8EA54C6}.Debug|Any CPU.Build.0 = Debug|Any CPU
		{7111A6E7-BD18-47F7-AFFA-DBD2A8EA54C6}.Release|Any CPU.ActiveCfg = Release|Any CPU
		{7111A6E7-BD18-47F7-AFFA-DBD2A8EA54C6}.Release|Any CPU.Build.0 = Release|Any CPU
		{35322680-7BAB-4F73-B476-58D08AD52BDF}.Debug|Any CPU.ActiveCfg = Debug|Any CPU
		{35322680-7BAB-4F73-B476-58D08AD52BDF}.Debug|Any CPU.Build.0 = Debug|Any CPU
		{35322680-7BAB-4F73-B476-58D08AD52BDF}.Release|Any CPU.ActiveCfg = Release|Any CPU
		{35322680-7BAB-4F73-B476-58D08AD52BDF}.Release|Any CPU.Build.0 = Release|Any CPU
	EndGlobalSection
	GlobalSection(SolutionProperties) = preSolution
		HideSolutionNode = FALSE
	EndGlobalSection
	GlobalSection(ExtensibilityGlobals) = postSolution
		SolutionGuid = {BFF365B5-84E8-4118-9B9F-A8EB5ABB1ED5}
	EndGlobalSection
EndGlobal
